<?xml version="1.0" encoding="utf-8"?>
<Project ToolsVersion="4.0" xmlns="http://schemas.microsoft.com/developer/msbuild/2003">
  <ItemGroup>
    <Filter Include="File di origine">
      <UniqueIdentifier>{4FC737F1-C7A5-4376-A066-2A32D752A2FF}</UniqueIdentifier>
      <Extensions>cpp;c;cc;cxx;c++;cppm;ixx;def;odl;idl;hpj;bat;asm;asmx</Extensions>
    </Filter>
    <Filter Include="File di intestazione">
      <UniqueIdentifier>{93995380-89BD-4b04-88EB-625FBE52EBFB}</UniqueIdentifier>
      <Extensions>h;hh;hpp;hxx;h++;hm;inl;inc;ipp;xsd</Extensions>
    </Filter>
    <Filter Include="File di risorse">
      <UniqueIdentifier>{67DA6AB6-F800-4c08-8B7A-83BB121AAD01}</UniqueIdentifier>
      <Extensions>rc;ico;cur;bmp;dlg;rc2;rct;bin;rgs;gif;jpg;jpeg;jpe;resx;tiff;tif;png;wav;mfcribbon-ms</Extensions>
    </Filter>
  </ItemGroup>
  <ItemGroup>
    <ClCompile Include="Main.cpp">
      <Filter>File di origine</Filter>
    </ClCompile>
    <ClCompile Include="glad.c">
      <Filter>File di origine</Filter>
    </ClCompile>
    <ClCompile Include="game.cpp">
      <Filter>File di origine</Filter>
    </ClCompile>
    <ClCompile Include="sprite_renderer\sprite_renderer.cpp">
      <Filter>File di origine</Filter>
    </ClCompile>
    <ClCompile Include="shaders_textures\shader.cpp">
      <Filter>File di origine</Filter>
    </ClCompile>
    <ClCompile Include="shaders_textures\texture.cpp">
      <Filter>File di origine</Filter>
    </ClCompile>
    <ClCompile Include="resource_manager\resource_manager.cpp">
      <Filter>File di origine</Filter>
    </ClCompile>
    <ClCompile Include="game_structures\game_object.cpp">
      <Filter>File di origine</Filter>
    </ClCompile>
    <ClCompile Include="game_structures\game_level.cpp">
      <Filter>File di origine</Filter>
    </ClCompile>
    <ClCompile Include="game_structures\bullet.cpp">
      <Filter>File di origine</Filter>
    </ClCompile>
    <ClCompile Include="timer\timerMy.cpp">
      <Filter>File di origine</Filter>
    </ClCompile>
    <ClCompile Include="game_structures\dragon.cpp">
      <Filter>File di origine</Filter>
    </ClCompile>
    <ClCompile Include="game_structures\window.cpp">
      <Filter>File di origine</Filter>
    </ClCompile>
    <ClCompile Include="game_structures\hitbox.cpp">
      <Filter>File di origine</Filter>
    </ClCompile>
    <ClCompile Include="game_structures\dragon_stats.cpp">
      <Filter>File di origine</Filter>
    </ClCompile>
    <ClCompile Include="text_renderer.cpp">
      <Filter>File di origine</Filter>
    </ClCompile>
    <ClCompile Include="hud\hud.cpp">
      <Filter>File di origine</Filter>
    </ClCompile>
    <ClCompile Include="flat_renderer\flat_renderer.cpp">
      <Filter>File di origine</Filter>
    </ClCompile>
    <ClCompile Include="game_structures\particle_generators\particle.cpp">
      <Filter>File di origine</Filter>
    </ClCompile>
    <ClCompile Include="game_structures\particle_generators\continuous_particle_generator.cpp">
      <Filter>File di origine</Filter>
    </ClCompile>
    <ClCompile Include="game_structures\particle_generators\particle_generator.cpp">
      <Filter>File di origine</Filter>
    </ClCompile>
    <ClCompile Include="game_structures\particle_generators\hit_particle_generator.cpp">
      <Filter>File di origine</Filter>
    </ClCompile>
    <ClCompile Include="shaders_textures\post_processor.cpp">
      <Filter>File di origine</Filter>
    </ClCompile>
    <ClCompile Include="menu\button.cpp">
      <Filter>File di origine</Filter>
    </ClCompile>
    <ClCompile Include="menu\menu.cpp">
      <Filter>File di origine</Filter>
    </ClCompile>
    <ClCompile Include="game_structures\level_save.cpp">
      <Filter>File di origine</Filter>
    </ClCompile>
  </ItemGroup>
  <ItemGroup>
    <ClInclude Include="shader_s.h">
      <Filter>File di intestazione</Filter>
    </ClInclude>
    <ClInclude Include="stb_image.h">
      <Filter>File di intestazione</Filter>
    </ClInclude>
    <ClInclude Include="camera.h">
      <Filter>File di intestazione</Filter>
    </ClInclude>
    <ClInclude Include="resource_manager\resource_manager.h">
      <Filter>File di intestazione</Filter>
    </ClInclude>
    <ClInclude Include="shaders_textures\shader.h">
      <Filter>File di intestazione</Filter>
    </ClInclude>
    <ClInclude Include="shaders_textures\texture.h">
      <Filter>File di intestazione</Filter>
    </ClInclude>
    <ClInclude Include="sprite_renderer\sprite_renderer.h">
      <Filter>File di intestazione</Filter>
    </ClInclude>
    <ClInclude Include="game.h">
      <Filter>File di intestazione</Filter>
    </ClInclude>
    <ClInclude Include="game_structures\bullet.h">
      <Filter>File di intestazione</Filter>
    </ClInclude>
    <ClInclude Include="game_structures\game_level.h">
      <Filter>File di intestazione</Filter>
    </ClInclude>
    <ClInclude Include="game_structures\game_object.h">
      <Filter>File di intestazione</Filter>
    </ClInclude>
    <ClInclude Include="timer\timerMy.h">
      <Filter>File di intestazione</Filter>
    </ClInclude>
    <ClInclude Include="game_structures\dragon.h">
      <Filter>File di intestazione</Filter>
    </ClInclude>
    <ClInclude Include="game_structures\window.h">
      <Filter>File di intestazione</Filter>
    </ClInclude>
    <ClInclude Include="game_structures\window_constraints.h">
      <Filter>File di intestazione</Filter>
    </ClInclude>
    <ClInclude Include="game_structures\hitbox.h">
      <Filter>File di intestazione</Filter>
    </ClInclude>
    <ClInclude Include="game_structures\dragon_stats.h">
      <Filter>File di intestazione</Filter>
    </ClInclude>
    <ClInclude Include="text_renderer.h">
      <Filter>File di intestazione</Filter>
    </ClInclude>
    <ClInclude Include="hud\hud.h">
      <Filter>File di intestazione</Filter>
    </ClInclude>
    <ClInclude Include="flat_renderer\flat_renderer.h">
      <Filter>File di intestazione</Filter>
    </ClInclude>
    <ClInclude Include="game_structures\particle_generators\particle.h">
      <Filter>File di intestazione</Filter>
    </ClInclude>
    <ClInclude Include="game_structures\particle_generators\continuous_particle_generator.h">
      <Filter>File di intestazione</Filter>
    </ClInclude>
    <ClInclude Include="game_structures\particle_generators\particle_generator.h">
      <Filter>File di intestazione</Filter>
    </ClInclude>
    <ClInclude Include="game_structures\particle_generators\hit_particle_generator.h">
      <Filter>File di intestazione</Filter>
    </ClInclude>
    <ClInclude Include="shaders_textures\post_processor.h">
      <Filter>File di intestazione</Filter>
    </ClInclude>
    <ClInclude Include="menu\button.h">
      <Filter>File di intestazione</Filter>
    </ClInclude>
    <ClInclude Include="menu\menu.h">
      <Filter>File di intestazione</Filter>
    </ClInclude>
    <ClInclude Include="game_structures\level_save.h">
      <Filter>File di intestazione</Filter>
    </ClInclude>
  </ItemGroup>
  <ItemGroup>
    <None Include="shader_light.fs">
      <Filter>File di origine</Filter>
    </None>
    <None Include="shader_light.vs">
      <Filter>File di origine</Filter>
    </None>
    <None Include="shaders\sprite.vs">
      <Filter>File di origine</Filter>
    </None>
    <None Include="shaders\sprite.fs">
      <Filter>File di origine</Filter>
    </None>
    <None Include="shaders\text_2d.fs" />
    <None Include="shaders\text_2d.vs" />
    <None Include="shaders\flat.fs" />
    <None Include="shaders\flat.vs" />
    <None Include="shaders\particle.fs" />
    <None Include="shaders\particle.vs" />
    <None Include="shaders\post_processing.vs" />
    <None Include="shaders\post_processing.fs" />
  </ItemGroup>
  <ItemGroup>
    <Image Include="..\..\..\..\Asset\level1.png">
      <Filter>File di risorse</Filter>
    </Image>
    <Image Include="textures\fireball.png">
      <Filter>File di risorse</Filter>
    </Image>
  </ItemGroup>
  <ItemGroup>
    <Text Include="game_structures\save.txt" />
  </ItemGroup>
  <ItemGroup>
    <Media Include="audio\Critical_Hit.wav">
      <Filter>File di risorse</Filter>
    </Media>
    <Media Include="audio\Fireball.wav">
      <Filter>File di risorse</Filter>
    </Media>
    <Media Include="audio\Lost_Odissey.wav">
      <Filter>File di risorse</Filter>
    </Media>
    <Media Include="audio\Power_Up.wav">
      <Filter>File di risorse</Filter>
    </Media>
    <Media Include="audio\Zelda.wav">
      <Filter>File di risorse</Filter>
    </Media>
  </ItemGroup>
</Project>